
Microsoft Visual Studio Solution File, Format Version 12.00
# Visual Studio Version 17
VisualStudioVersion = 17.8.34511.84
MinimumVisualStudioVersion = 10.0.40219.1
Project("{9A19103F-16F7-4668-BE54-9A1E7A4F7556}") = "WebPorshe", "WebPorshe\WebPorshe.csproj", "{4924FF1A-B7B6-482D-995F-F18AB91FABC6}"
EndProject
Global
	GlobalSection(SolutionConfigurationPlatforms) = preSolution
		Debug|Any CPU = Debug|Any CPU
		Release|Any CPU = Release|Any CPU
	EndGlobalSection
	GlobalSection(ProjectConfigurationPlatforms) = postSolution
		{4924FF1A-B7B6-482D-995F-F18AB91FABC6}.Debug|Any CPU.ActiveCfg = Debug|Any CPU
		{4924FF1A-B7B6-482D-995F-F18AB91FABC6}.Debug|Any CPU.Build.0 = Debug|Any CPU
		{4924FF1A-B7B6-482D-995F-F18AB91FABC6}.Release|Any CPU.ActiveCfg = Release|Any CPU
		{4924FF1A-B7B6-482D-995F-F18AB91FABC6}.Release|Any CPU.Build.0 = Release|Any CPU
	EndGlobalSection
	GlobalSection(SolutionProperties) = preSolution
		HideSolutionNode = FALSE
	EndGlobalSection
	GlobalSection(ExtensibilityGlobals) = postSolution
		SolutionGuid = {AF3765A7-4039-4D83-ACF0-726366C828C0}
	EndGlobalSection
EndGlobal
